// !$*UTF8*$!
{
	archiveVersion = 1;
	classes = {
	};
	objectVersion = 51;
	objects = {

/* Begin PBXBuildFile section */
		226D9DD62491060300D6E6EE /* AppDelegate.m in Sources */ = {isa = PBXBuildFile; fileRef = 226D9DD52491060300D6E6EE /* AppDelegate.m */; };
		226D9DE12491060500D6E6EE /* Assets.xcassets in Resources */ = {isa = PBXBuildFile; fileRef = 226D9DE02491060500D6E6EE /* Assets.xcassets */; };
		226D9DE42491060500D6E6EE /* LaunchScreen.storyboard in Resources */ = {isa = PBXBuildFile; fileRef = 226D9DE22491060500D6E6EE /* LaunchScreen.storyboard */; };
		226D9DE72491060500D6E6EE /* main.m in Sources */ = {isa = PBXBuildFile; fileRef = 226D9DE62491060500D6E6EE /* main.m */; };
		226D9DEF249106C400D6E6EE /* ZQMainController.m in Sources */ = {isa = PBXBuildFile; fileRef = 226D9DEE249106C400D6E6EE /* ZQMainController.m */; };
		226D9DF4249107A600D6E6EE /* ZQWebsiteModel.m in Sources */ = {isa = PBXBuildFile; fileRef = 226D9DF3249107A600D6E6EE /* ZQWebsiteModel.m */; };
		226D9DF8249108B000D6E6EE /* ZQMainSearchBar.m in Sources */ = {isa = PBXBuildFile; fileRef = 226D9DF7249108B000D6E6EE /* ZQMainSearchBar.m */; };
		226D9DFD249109EE00D6E6EE /* ZQUserInfoModel.m in Sources */ = {isa = PBXBuildFile; fileRef = 226D9DFC249109EE00D6E6EE /* ZQUserInfoModel.m */; };
		226D9E0124910A5200D6E6EE /* ZQUserInfoController.m in Sources */ = {isa = PBXBuildFile; fileRef = 226D9E0024910A5200D6E6EE /* ZQUserInfoController.m */; };
		226D9E0524910ACE00D6E6EE /* ZQUserInfoAvatarCell.m in Sources */ = {isa = PBXBuildFile; fileRef = 226D9E0424910ACE00D6E6EE /* ZQUserInfoAvatarCell.m */; };
		226D9E0824910B2700D6E6EE /* ZQUserInfoItemCell.m in Sources */ = {isa = PBXBuildFile; fileRef = 226D9E0724910B2700D6E6EE /* ZQUserInfoItemCell.m */; };
		226D9E0C24910DA300D6E6EE /* ZQBaseModel.m in Sources */ = {isa = PBXBuildFile; fileRef = 226D9E0B24910DA300D6E6EE /* ZQBaseModel.m */; };
		226D9E102496221900D6E6EE /* ZQBaseController.m in Sources */ = {isa = PBXBuildFile; fileRef = 226D9E0F2496221900D6E6EE /* ZQBaseController.m */; };
		226D9E15249901EB00D6E6EE /* ZQUserInfoLayoutModel.m in Sources */ = {isa = PBXBuildFile; fileRef = 226D9E14249901EB00D6E6EE /* ZQUserInfoLayoutModel.m */; };
		226D9E182499024400D6E6EE /* ZQUserInfoViewModel.m in Sources */ = {isa = PBXBuildFile; fileRef = 226D9E172499024400D6E6EE /* ZQUserInfoViewModel.m */; };
		226D9E1B249903B400D6E6EE /* ZQBaseRequest.m in Sources */ = {isa = PBXBuildFile; fileRef = 226D9E1A249903B400D6E6EE /* ZQBaseRequest.m */; };
		226D9E1F249906ED00D6E6EE /* ZQLoginController.m in Sources */ = {isa = PBXBuildFile; fileRef = 226D9E1E249906ED00D6E6EE /* ZQLoginController.m */; };
		226D9E232499C63100D6E6EE /* ZQStatusDB.m in Sources */ = {isa = PBXBuildFile; fileRef = 226D9E222499C63100D6E6EE /* ZQStatusDB.m */; };
		226D9E26249A4FDE00D6E6EE /* ZQAuthcodeRequest.m in Sources */ = {isa = PBXBuildFile; fileRef = 226D9E25249A4FDE00D6E6EE /* ZQAuthcodeRequest.m */; };
		226D9E29249B153300D6E6EE /* ZQLoginRequest.m in Sources */ = {isa = PBXBuildFile; fileRef = 226D9E28249B153300D6E6EE /* ZQLoginRequest.m */; };
		226D9E2C249C634600D6E6EE /* ZQMainControllerViewModel.m in Sources */ = {isa = PBXBuildFile; fileRef = 226D9E2B249C634600D6E6EE /* ZQMainControllerViewModel.m */; };
		226D9E2F249C66A300D6E6EE /* ZQMainBottomToolBar.m in Sources */ = {isa = PBXBuildFile; fileRef = 226D9E2E249C66A300D6E6EE /* ZQMainBottomToolBar.m */; };
		226D9E33249C6DE100D6E6EE /* ZQWebsiteDeatilController.m in Sources */ = {isa = PBXBuildFile; fileRef = 226D9E32249C6DE100D6E6EE /* ZQWebsiteDeatilController.m */; };
		226D9E38249C6FC900D6E6EE /* ZQCommendController.m in Sources */ = {isa = PBXBuildFile; fileRef = 226D9E37249C6FC900D6E6EE /* ZQCommendController.m */; };
		226D9E3B249C6FDB00D6E6EE /* ZQCollectController.m in Sources */ = {isa = PBXBuildFile; fileRef = 226D9E3A249C6FDB00D6E6EE /* ZQCollectController.m */; };
		226D9E3F249CF19B00D6E6EE /* ZQWebsiteCell.m in Sources */ = {isa = PBXBuildFile; fileRef = 226D9E3E249CF19B00D6E6EE /* ZQWebsiteCell.m */; };
		226D9E42249CF24800D6E6EE /* ZQSimpleRequest.m in Sources */ = {isa = PBXBuildFile; fileRef = 226D9E41249CF24800D6E6EE /* ZQSimpleRequest.m */; };
		226D9E46249D241300D6E6EE /* ZQSearchResultController.m in Sources */ = {isa = PBXBuildFile; fileRef = 226D9E45249D241300D6E6EE /* ZQSearchResultController.m */; };
		226D9E4A249D24A000D6E6EE /* ZQAddCommendRequest.m in Sources */ = {isa = PBXBuildFile; fileRef = 226D9E49249D24A000D6E6EE /* ZQAddCommendRequest.m */; };
		22909C9B24E9667800A3AC4B /* ZQCommendAddRequest.m in Sources */ = {isa = PBXBuildFile; fileRef = 22909C9A24E9667800A3AC4B /* ZQCommendAddRequest.m */; };
		22909C9F24E96AF200A3AC4B /* ZQCollectSectionView.m in Sources */ = {isa = PBXBuildFile; fileRef = 22909C9E24E96AF200A3AC4B /* ZQCollectSectionView.m */; };
		22909CA524E975A600A3AC4B /* ZQEditSectionController.m in Sources */ = {isa = PBXBuildFile; fileRef = 22909CA424E975A600A3AC4B /* ZQEditSectionController.m */; };
		22909CA824E975C400A3AC4B /* ZQEditWebsiteController.m in Sources */ = {isa = PBXBuildFile; fileRef = 22909CA724E975C400A3AC4B /* ZQEditWebsiteController.m */; };
		22E9817624D6AFE900F30A9F /* ZQUserInfoRequest.m in Sources */ = {isa = PBXBuildFile; fileRef = 22E9817524D6AFE900F30A9F /* ZQUserInfoRequest.m */; };
		22E9817924E00CC500F30A9F /* ZQSectionWebsiteModel.m in Sources */ = {isa = PBXBuildFile; fileRef = 22E9817824E00CC500F30A9F /* ZQSectionWebsiteModel.m */; };
		22E9817C24E00F4900F30A9F /* ZQCommendSectionView.m in Sources */ = {isa = PBXBuildFile; fileRef = 22E9817B24E00F4900F30A9F /* ZQCommendSectionView.m */; };
		22E9817F24E013E800F30A9F /* ZQCollecViewModel.m in Sources */ = {isa = PBXBuildFile; fileRef = 22E9817E24E013E800F30A9F /* ZQCollecViewModel.m */; };
		22E9818224E0276400F30A9F /* ZQBaseViewModel.m in Sources */ = {isa = PBXBuildFile; fileRef = 22E9818124E0276400F30A9F /* ZQBaseViewModel.m */; };
		D166C19E6AB79A72C1FD1C1F /* Pods_KeyPoint.framework in Frameworks */ = {isa = PBXBuildFile; fileRef = E9AB37ED0789905BB828AAA3 /* Pods_KeyPoint.framework */; };
/* End PBXBuildFile section */

/* Begin PBXFileReference section */
		226D9DD12491060300D6E6EE /* tvtvc.app */ = {isa = PBXFileReference; explicitFileType = wrapper.application; includeInIndex = 0; path = tvtvc.app; sourceTree = BUILT_PRODUCTS_DIR; };
		226D9DD42491060300D6E6EE /* AppDelegate.h */ = {isa = PBXFileReference; lastKnownFileType = sourcecode.c.h; path = AppDelegate.h; sourceTree = "<group>"; };
		226D9DD52491060300D6E6EE /* AppDelegate.m */ = {isa = PBXFileReference; lastKnownFileType = sourcecode.c.objc; path = AppDelegate.m; sourceTree = "<group>"; };
		226D9DE02491060500D6E6EE /* Assets.xcassets */ = {isa = PBXFileReference; lastKnownFileType = folder.assetcatalog; path = Assets.xcassets; sourceTree = "<group>"; };
		226D9DE32491060500D6E6EE /* Base */ = {isa = PBXFileReference; lastKnownFileType = file.storyboard; name = Base; path = Base.lproj/LaunchScreen.storyboard; sourceTree = "<group>"; };
		226D9DE52491060500D6E6EE /* Info.plist */ = {isa = PBXFileReference; lastKnownFileType = text.plist.xml; path = Info.plist; sourceTree = "<group>"; };
		226D9DE62491060500D6E6EE /* main.m */ = {isa = PBXFileReference; lastKnownFileType = sourcecode.c.objc; path = main.m; sourceTree = "<group>"; };
		226D9DED249106C400D6E6EE /* ZQMainController.h */ = {isa = PBXFileReference; lastKnownFileType = sourcecode.c.h; path = ZQMainController.h; sourceTree = "<group>"; };
		226D9DEE249106C400D6E6EE /* ZQMainController.m */ = {isa = PBXFileReference; lastKnownFileType = sourcecode.c.objc; path = ZQMainController.m; sourceTree = "<group>"; };
		226D9DF2249107A600D6E6EE /* ZQWebsiteModel.h */ = {isa = PBXFileReference; lastKnownFileType = sourcecode.c.h; path = ZQWebsiteModel.h; sourceTree = "<group>"; };
		226D9DF3249107A600D6E6EE /* ZQWebsiteModel.m */ = {isa = PBXFileReference; lastKnownFileType = sourcecode.c.objc; path = ZQWebsiteModel.m; sourceTree = "<group>"; };
		226D9DF6249108B000D6E6EE /* ZQMainSearchBar.h */ = {isa = PBXFileReference; lastKnownFileType = sourcecode.c.h; path = ZQMainSearchBar.h; sourceTree = "<group>"; };
		226D9DF7249108B000D6E6EE /* ZQMainSearchBar.m */ = {isa = PBXFileReference; lastKnownFileType = sourcecode.c.objc; path = ZQMainSearchBar.m; sourceTree = "<group>"; };
		226D9DFB249109EE00D6E6EE /* ZQUserInfoModel.h */ = {isa = PBXFileReference; lastKnownFileType = sourcecode.c.h; path = ZQUserInfoModel.h; sourceTree = "<group>"; };
		226D9DFC249109EE00D6E6EE /* ZQUserInfoModel.m */ = {isa = PBXFileReference; lastKnownFileType = sourcecode.c.objc; path = ZQUserInfoModel.m; sourceTree = "<group>"; };
		226D9DFF24910A5200D6E6EE /* ZQUserInfoController.h */ = {isa = PBXFileReference; lastKnownFileType = sourcecode.c.h; path = ZQUserInfoController.h; sourceTree = "<group>"; };
		226D9E0024910A5200D6E6EE /* ZQUserInfoController.m */ = {isa = PBXFileReference; lastKnownFileType = sourcecode.c.objc; path = ZQUserInfoController.m; sourceTree = "<group>"; };
		226D9E0324910ACE00D6E6EE /* ZQUserInfoAvatarCell.h */ = {isa = PBXFileReference; lastKnownFileType = sourcecode.c.h; path = ZQUserInfoAvatarCell.h; sourceTree = "<group>"; };
		226D9E0424910ACE00D6E6EE /* ZQUserInfoAvatarCell.m */ = {isa = PBXFileReference; lastKnownFileType = sourcecode.c.objc; path = ZQUserInfoAvatarCell.m; sourceTree = "<group>"; };
		226D9E0624910B2700D6E6EE /* ZQUserInfoItemCell.h */ = {isa = PBXFileReference; lastKnownFileType = sourcecode.c.h; path = ZQUserInfoItemCell.h; sourceTree = "<group>"; };
		226D9E0724910B2700D6E6EE /* ZQUserInfoItemCell.m */ = {isa = PBXFileReference; lastKnownFileType = sourcecode.c.objc; path = ZQUserInfoItemCell.m; sourceTree = "<group>"; };
		226D9E0924910BFB00D6E6EE /* ZQKeyPoint.pch */ = {isa = PBXFileReference; lastKnownFileType = sourcecode.c.h; path = ZQKeyPoint.pch; sourceTree = "<group>"; };
		226D9E0A24910DA300D6E6EE /* ZQBaseModel.h */ = {isa = PBXFileReference; lastKnownFileType = sourcecode.c.h; path = ZQBaseModel.h; sourceTree = "<group>"; };
		226D9E0B24910DA300D6E6EE /* ZQBaseModel.m */ = {isa = PBXFileReference; lastKnownFileType = sourcecode.c.objc; path = ZQBaseModel.m; sourceTree = "<group>"; };
		226D9E0E2496221900D6E6EE /* ZQBaseController.h */ = {isa = PBXFileReference; lastKnownFileType = sourcecode.c.h; path = ZQBaseController.h; sourceTree = "<group>"; };
		226D9E0F2496221900D6E6EE /* ZQBaseController.m */ = {isa = PBXFileReference; lastKnownFileType = sourcecode.c.objc; path = ZQBaseController.m; sourceTree = "<group>"; };
		226D9E13249901EB00D6E6EE /* ZQUserInfoLayoutModel.h */ = {isa = PBXFileReference; lastKnownFileType = sourcecode.c.h; path = ZQUserInfoLayoutModel.h; sourceTree = "<group>"; };
		226D9E14249901EB00D6E6EE /* ZQUserInfoLayoutModel.m */ = {isa = PBXFileReference; lastKnownFileType = sourcecode.c.objc; path = ZQUserInfoLayoutModel.m; sourceTree = "<group>"; };
		226D9E162499024400D6E6EE /* ZQUserInfoViewModel.h */ = {isa = PBXFileReference; lastKnownFileType = sourcecode.c.h; path = ZQUserInfoViewModel.h; sourceTree = "<group>"; };
		226D9E172499024400D6E6EE /* ZQUserInfoViewModel.m */ = {isa = PBXFileReference; lastKnownFileType = sourcecode.c.objc; path = ZQUserInfoViewModel.m; sourceTree = "<group>"; };
		226D9E19249903B400D6E6EE /* ZQBaseRequest.h */ = {isa = PBXFileReference; lastKnownFileType = sourcecode.c.h; path = ZQBaseRequest.h; sourceTree = "<group>"; };
		226D9E1A249903B400D6E6EE /* ZQBaseRequest.m */ = {isa = PBXFileReference; lastKnownFileType = sourcecode.c.objc; path = ZQBaseRequest.m; sourceTree = "<group>"; };
		226D9E1D249906ED00D6E6EE /* ZQLoginController.h */ = {isa = PBXFileReference; lastKnownFileType = sourcecode.c.h; path = ZQLoginController.h; sourceTree = "<group>"; };
		226D9E1E249906ED00D6E6EE /* ZQLoginController.m */ = {isa = PBXFileReference; lastKnownFileType = sourcecode.c.objc; path = ZQLoginController.m; sourceTree = "<group>"; };
		226D9E212499C63100D6E6EE /* ZQStatusDB.h */ = {isa = PBXFileReference; lastKnownFileType = sourcecode.c.h; path = ZQStatusDB.h; sourceTree = "<group>"; };
		226D9E222499C63100D6E6EE /* ZQStatusDB.m */ = {isa = PBXFileReference; lastKnownFileType = sourcecode.c.objc; path = ZQStatusDB.m; sourceTree = "<group>"; };
		226D9E24249A4FDE00D6E6EE /* ZQAuthcodeRequest.h */ = {isa = PBXFileReference; lastKnownFileType = sourcecode.c.h; path = ZQAuthcodeRequest.h; sourceTree = "<group>"; };
		226D9E25249A4FDE00D6E6EE /* ZQAuthcodeRequest.m */ = {isa = PBXFileReference; lastKnownFileType = sourcecode.c.objc; path = ZQAuthcodeRequest.m; sourceTree = "<group>"; };
		226D9E27249B153300D6E6EE /* ZQLoginRequest.h */ = {isa = PBXFileReference; lastKnownFileType = sourcecode.c.h; path = ZQLoginRequest.h; sourceTree = "<group>"; };
		226D9E28249B153300D6E6EE /* ZQLoginRequest.m */ = {isa = PBXFileReference; lastKnownFileType = sourcecode.c.objc; path = ZQLoginRequest.m; sourceTree = "<group>"; };
		226D9E2A249C634600D6E6EE /* ZQMainControllerViewModel.h */ = {isa = PBXFileReference; lastKnownFileType = sourcecode.c.h; path = ZQMainControllerViewModel.h; sourceTree = "<group>"; };
		226D9E2B249C634600D6E6EE /* ZQMainControllerViewModel.m */ = {isa = PBXFileReference; lastKnownFileType = sourcecode.c.objc; path = ZQMainControllerViewModel.m; sourceTree = "<group>"; };
		226D9E2D249C66A300D6E6EE /* ZQMainBottomToolBar.h */ = {isa = PBXFileReference; lastKnownFileType = sourcecode.c.h; path = ZQMainBottomToolBar.h; sourceTree = "<group>"; };
		226D9E2E249C66A300D6E6EE /* ZQMainBottomToolBar.m */ = {isa = PBXFileReference; lastKnownFileType = sourcecode.c.objc; path = ZQMainBottomToolBar.m; sourceTree = "<group>"; };
		226D9E31249C6DE100D6E6EE /* ZQWebsiteDeatilController.h */ = {isa = PBXFileReference; lastKnownFileType = sourcecode.c.h; path = ZQWebsiteDeatilController.h; sourceTree = "<group>"; };
		226D9E32249C6DE100D6E6EE /* ZQWebsiteDeatilController.m */ = {isa = PBXFileReference; lastKnownFileType = sourcecode.c.objc; path = ZQWebsiteDeatilController.m; sourceTree = "<group>"; };
		226D9E36249C6FC900D6E6EE /* ZQCommendController.h */ = {isa = PBXFileReference; lastKnownFileType = sourcecode.c.h; path = ZQCommendController.h; sourceTree = "<group>"; };
		226D9E37249C6FC900D6E6EE /* ZQCommendController.m */ = {isa = PBXFileReference; lastKnownFileType = sourcecode.c.objc; path = ZQCommendController.m; sourceTree = "<group>"; };
		226D9E39249C6FDB00D6E6EE /* ZQCollectController.h */ = {isa = PBXFileReference; lastKnownFileType = sourcecode.c.h; path = ZQCollectController.h; sourceTree = "<group>"; };
		226D9E3A249C6FDB00D6E6EE /* ZQCollectController.m */ = {isa = PBXFileReference; lastKnownFileType = sourcecode.c.objc; path = ZQCollectController.m; sourceTree = "<group>"; };
		226D9E3D249CF19B00D6E6EE /* ZQWebsiteCell.h */ = {isa = PBXFileReference; lastKnownFileType = sourcecode.c.h; path = ZQWebsiteCell.h; sourceTree = "<group>"; };
		226D9E3E249CF19B00D6E6EE /* ZQWebsiteCell.m */ = {isa = PBXFileReference; lastKnownFileType = sourcecode.c.objc; path = ZQWebsiteCell.m; sourceTree = "<group>"; };
		226D9E40249CF24800D6E6EE /* ZQSimpleRequest.h */ = {isa = PBXFileReference; lastKnownFileType = sourcecode.c.h; path = ZQSimpleRequest.h; sourceTree = "<group>"; };
		226D9E41249CF24800D6E6EE /* ZQSimpleRequest.m */ = {isa = PBXFileReference; lastKnownFileType = sourcecode.c.objc; path = ZQSimpleRequest.m; sourceTree = "<group>"; };
		226D9E44249D241300D6E6EE /* ZQSearchResultController.h */ = {isa = PBXFileReference; lastKnownFileType = sourcecode.c.h; path = ZQSearchResultController.h; sourceTree = "<group>"; };
		226D9E45249D241300D6E6EE /* ZQSearchResultController.m */ = {isa = PBXFileReference; lastKnownFileType = sourcecode.c.objc; path = ZQSearchResultController.m; sourceTree = "<group>"; };
		226D9E48249D24A000D6E6EE /* ZQAddCommendRequest.h */ = {isa = PBXFileReference; lastKnownFileType = sourcecode.c.h; path = ZQAddCommendRequest.h; sourceTree = "<group>"; };
		226D9E49249D24A000D6E6EE /* ZQAddCommendRequest.m */ = {isa = PBXFileReference; lastKnownFileType = sourcecode.c.objc; path = ZQAddCommendRequest.m; sourceTree = "<group>"; };
		22909C9924E9667800A3AC4B /* ZQCommendAddRequest.h */ = {isa = PBXFileReference; lastKnownFileType = sourcecode.c.h; path = ZQCommendAddRequest.h; sourceTree = "<group>"; };
		22909C9A24E9667800A3AC4B /* ZQCommendAddRequest.m */ = {isa = PBXFileReference; lastKnownFileType = sourcecode.c.objc; path = ZQCommendAddRequest.m; sourceTree = "<group>"; };
		22909C9D24E96AF200A3AC4B /* ZQCollectSectionView.h */ = {isa = PBXFileReference; lastKnownFileType = sourcecode.c.h; path = ZQCollectSectionView.h; sourceTree = "<group>"; };
		22909C9E24E96AF200A3AC4B /* ZQCollectSectionView.m */ = {isa = PBXFileReference; lastKnownFileType = sourcecode.c.objc; path = ZQCollectSectionView.m; sourceTree = "<group>"; };
		22909CA024E96B6F00A3AC4B /* ZQCommendSectionView.h */ = {isa = PBXFileReference; fileEncoding = 4; lastKnownFileType = sourcecode.c.h; path = ZQCommendSectionView.h; sourceTree = "<group>"; };
		22909CA324E975A600A3AC4B /* ZQEditSectionController.h */ = {isa = PBXFileReference; lastKnownFileType = sourcecode.c.h; path = ZQEditSectionController.h; sourceTree = "<group>"; };
		22909CA424E975A600A3AC4B /* ZQEditSectionController.m */ = {isa = PBXFileReference; lastKnownFileType = sourcecode.c.objc; path = ZQEditSectionController.m; sourceTree = "<group>"; };
		22909CA624E975C400A3AC4B /* ZQEditWebsiteController.h */ = {isa = PBXFileReference; lastKnownFileType = sourcecode.c.h; path = ZQEditWebsiteController.h; sourceTree = "<group>"; };
		22909CA724E975C400A3AC4B /* ZQEditWebsiteController.m */ = {isa = PBXFileReference; lastKnownFileType = sourcecode.c.objc; path = ZQEditWebsiteController.m; sourceTree = "<group>"; };
		22E9817424D6AFE900F30A9F /* ZQUserInfoRequest.h */ = {isa = PBXFileReference; lastKnownFileType = sourcecode.c.h; path = ZQUserInfoRequest.h; sourceTree = "<group>"; };
		22E9817524D6AFE900F30A9F /* ZQUserInfoRequest.m */ = {isa = PBXFileReference; lastKnownFileType = sourcecode.c.objc; path = ZQUserInfoRequest.m; sourceTree = "<group>"; };
		22E9817724E00CC500F30A9F /* ZQSectionWebsiteModel.h */ = {isa = PBXFileReference; lastKnownFileType = sourcecode.c.h; path = ZQSectionWebsiteModel.h; sourceTree = "<group>"; };
		22E9817824E00CC500F30A9F /* ZQSectionWebsiteModel.m */ = {isa = PBXFileReference; lastKnownFileType = sourcecode.c.objc; path = ZQSectionWebsiteModel.m; sourceTree = "<group>"; };
		22E9817B24E00F4900F30A9F /* ZQCommendSectionView.m */ = {isa = PBXFileReference; lastKnownFileType = sourcecode.c.objc; path = ZQCommendSectionView.m; sourceTree = "<group>"; };
		22E9817D24E013E800F30A9F /* ZQCollecViewModel.h */ = {isa = PBXFileReference; lastKnownFileType = sourcecode.c.h; path = ZQCollecViewModel.h; sourceTree = "<group>"; };
		22E9817E24E013E800F30A9F /* ZQCollecViewModel.m */ = {isa = PBXFileReference; lastKnownFileType = sourcecode.c.objc; path = ZQCollecViewModel.m; sourceTree = "<group>"; };
		22E9818024E0276400F30A9F /* ZQBaseViewModel.h */ = {isa = PBXFileReference; lastKnownFileType = sourcecode.c.h; path = ZQBaseViewModel.h; sourceTree = "<group>"; };
		22E9818124E0276400F30A9F /* ZQBaseViewModel.m */ = {isa = PBXFileReference; lastKnownFileType = sourcecode.c.objc; path = ZQBaseViewModel.m; sourceTree = "<group>"; };
		4A88C609864F4696563E583B /* Pods-KeyPoint.release.xcconfig */ = {isa = PBXFileReference; includeInIndex = 1; lastKnownFileType = text.xcconfig; name = "Pods-KeyPoint.release.xcconfig"; path = "Target Support Files/Pods-KeyPoint/Pods-KeyPoint.release.xcconfig"; sourceTree = "<group>"; };
		B16B7F6002491F61CC971E37 /* Pods-KeyPoint.debug.xcconfig */ = {isa = PBXFileReference; includeInIndex = 1; lastKnownFileType = text.xcconfig; name = "Pods-KeyPoint.debug.xcconfig"; path = "Target Support Files/Pods-KeyPoint/Pods-KeyPoint.debug.xcconfig"; sourceTree = "<group>"; };
		E9AB37ED0789905BB828AAA3 /* Pods_KeyPoint.framework */ = {isa = PBXFileReference; explicitFileType = wrapper.framework; includeInIndex = 0; path = Pods_KeyPoint.framework; sourceTree = BUILT_PRODUCTS_DIR; };
/* End PBXFileReference section */

/* Begin PBXFrameworksBuildPhase section */
		226D9DCE2491060300D6E6EE /* Frameworks */ = {
			isa = PBXFrameworksBuildPhase;
			buildActionMask = 2147483647;
			files = (
				D166C19E6AB79A72C1FD1C1F /* Pods_KeyPoint.framework in Frameworks */,
			);
			runOnlyForDeploymentPostprocessing = 0;
		};
/* End PBXFrameworksBuildPhase section */

/* Begin PBXGroup section */
		226D9DC82491060300D6E6EE = {
			isa = PBXGroup;
			children = (
				226D9DD32491060300D6E6EE /* KeyPoint */,
				226D9DD22491060300D6E6EE /* Products */,
				F7A67695E63AF6BAAC87F2D1 /* Pods */,
				FC0733365D2996703C1B268A /* Frameworks */,
			);
			sourceTree = "<group>";
		};
		226D9DD22491060300D6E6EE /* Products */ = {
			isa = PBXGroup;
			children = (
				226D9DD12491060300D6E6EE /* tvtvc.app */,
			);
			name = Products;
			sourceTree = "<group>";
		};
		226D9DD32491060300D6E6EE /* KeyPoint */ = {
			isa = PBXGroup;
			children = (
				22909CA224E9757300A3AC4B /* Edit */,
				226D9E47249D247600D6E6EE /* Request */,
				226D9E3C249CF17A00D6E6EE /* View */,
				226D9E43249D23EB00D6E6EE /* SearchResult */,
				226D9E35249C6F8A00D6E6EE /* Commend */,
				226D9E34249C6F8100D6E6EE /* Collect */,
				226D9E30249C6DC100D6E6EE /* Detail */,
				226D9E0D249621E300D6E6EE /* Base */,
				226D9E202499C5F700D6E6EE /* Util */,
				226D9E1C249906D300D6E6EE /* LogIn */,
				226D9DFE24910A0400D6E6EE /* UserInfo */,
				226D9DF12491076800D6E6EE /* Model */,
				226D9DF0249106E700D6E6EE /* Main */,
				226D9DD42491060300D6E6EE /* AppDelegate.h */,
				226D9DD52491060300D6E6EE /* AppDelegate.m */,
				226D9DE02491060500D6E6EE /* Assets.xcassets */,
				226D9DE22491060500D6E6EE /* LaunchScreen.storyboard */,
				226D9DE52491060500D6E6EE /* Info.plist */,
				226D9DE62491060500D6E6EE /* main.m */,
				226D9E0924910BFB00D6E6EE /* ZQKeyPoint.pch */,
			);
			path = KeyPoint;
			sourceTree = "<group>";
		};
		226D9DF0249106E700D6E6EE /* Main */ = {
			isa = PBXGroup;
			children = (
				226D9DF52491088500D6E6EE /* View */,
				226D9DED249106C400D6E6EE /* ZQMainController.h */,
				226D9DEE249106C400D6E6EE /* ZQMainController.m */,
				226D9E2A249C634600D6E6EE /* ZQMainControllerViewModel.h */,
				226D9E2B249C634600D6E6EE /* ZQMainControllerViewModel.m */,
			);
			path = Main;
			sourceTree = "<group>";
		};
		226D9DF12491076800D6E6EE /* Model */ = {
			isa = PBXGroup;
			children = (
				226D9DF2249107A600D6E6EE /* ZQWebsiteModel.h */,
				226D9DF3249107A600D6E6EE /* ZQWebsiteModel.m */,
				226D9DFB249109EE00D6E6EE /* ZQUserInfoModel.h */,
				226D9DFC249109EE00D6E6EE /* ZQUserInfoModel.m */,
				226D9E0A24910DA300D6E6EE /* ZQBaseModel.h */,
				226D9E0B24910DA300D6E6EE /* ZQBaseModel.m */,
				22E9817724E00CC500F30A9F /* ZQSectionWebsiteModel.h */,
				22E9817824E00CC500F30A9F /* ZQSectionWebsiteModel.m */,
			);
			path = Model;
			sourceTree = "<group>";
		};
		226D9DF52491088500D6E6EE /* View */ = {
			isa = PBXGroup;
			children = (
				226D9DF6249108B000D6E6EE /* ZQMainSearchBar.h */,
				226D9DF7249108B000D6E6EE /* ZQMainSearchBar.m */,
				226D9E2D249C66A300D6E6EE /* ZQMainBottomToolBar.h */,
				226D9E2E249C66A300D6E6EE /* ZQMainBottomToolBar.m */,
			);
			path = View;
			sourceTree = "<group>";
		};
		226D9DFE24910A0400D6E6EE /* UserInfo */ = {
			isa = PBXGroup;
			children = (
				226D9E122498FF6600D6E6EE /* ViewModel */,
				226D9E112498FF5F00D6E6EE /* Model */,
				226D9E0224910A5A00D6E6EE /* View */,
				226D9DFF24910A5200D6E6EE /* ZQUserInfoController.h */,
				226D9E0024910A5200D6E6EE /* ZQUserInfoController.m */,
			);
			path = UserInfo;
			sourceTree = "<group>";
		};
		226D9E0224910A5A00D6E6EE /* View */ = {
			isa = PBXGroup;
			children = (
				226D9E0324910ACE00D6E6EE /* ZQUserInfoAvatarCell.h */,
				226D9E0424910ACE00D6E6EE /* ZQUserInfoAvatarCell.m */,
				226D9E0624910B2700D6E6EE /* ZQUserInfoItemCell.h */,
				226D9E0724910B2700D6E6EE /* ZQUserInfoItemCell.m */,
			);
			path = View;
			sourceTree = "<group>";
		};
		226D9E0D249621E300D6E6EE /* Base */ = {
			isa = PBXGroup;
			children = (
				226D9E0E2496221900D6E6EE /* ZQBaseController.h */,
				226D9E0F2496221900D6E6EE /* ZQBaseController.m */,
				22E9818024E0276400F30A9F /* ZQBaseViewModel.h */,
				22E9818124E0276400F30A9F /* ZQBaseViewModel.m */,
				226D9E19249903B400D6E6EE /* ZQBaseRequest.h */,
				226D9E1A249903B400D6E6EE /* ZQBaseRequest.m */,
				226D9E40249CF24800D6E6EE /* ZQSimpleRequest.h */,
				226D9E41249CF24800D6E6EE /* ZQSimpleRequest.m */,
			);
			path = Base;
			sourceTree = "<group>";
		};
		226D9E112498FF5F00D6E6EE /* Model */ = {
			isa = PBXGroup;
			children = (
				226D9E13249901EB00D6E6EE /* ZQUserInfoLayoutModel.h */,
				226D9E14249901EB00D6E6EE /* ZQUserInfoLayoutModel.m */,
				22E9817424D6AFE900F30A9F /* ZQUserInfoRequest.h */,
				22E9817524D6AFE900F30A9F /* ZQUserInfoRequest.m */,
			);
			path = Model;
			sourceTree = "<group>";
		};
		226D9E122498FF6600D6E6EE /* ViewModel */ = {
			isa = PBXGroup;
			children = (
				226D9E162499024400D6E6EE /* ZQUserInfoViewModel.h */,
				226D9E172499024400D6E6EE /* ZQUserInfoViewModel.m */,
			);
			path = ViewModel;
			sourceTree = "<group>";
		};
		226D9E1C249906D300D6E6EE /* LogIn */ = {
			isa = PBXGroup;
			children = (
				226D9E1D249906ED00D6E6EE /* ZQLoginController.h */,
				226D9E1E249906ED00D6E6EE /* ZQLoginController.m */,
				226D9E24249A4FDE00D6E6EE /* ZQAuthcodeRequest.h */,
				226D9E25249A4FDE00D6E6EE /* ZQAuthcodeRequest.m */,
				226D9E27249B153300D6E6EE /* ZQLoginRequest.h */,
				226D9E28249B153300D6E6EE /* ZQLoginRequest.m */,
			);
			path = LogIn;
			sourceTree = "<group>";
		};
		226D9E202499C5F700D6E6EE /* Util */ = {
			isa = PBXGroup;
			children = (
				226D9E212499C63100D6E6EE /* ZQStatusDB.h */,
				226D9E222499C63100D6E6EE /* ZQStatusDB.m */,
			);
			path = Util;
			sourceTree = "<group>";
		};
		226D9E30249C6DC100D6E6EE /* Detail */ = {
			isa = PBXGroup;
			children = (
				226D9E31249C6DE100D6E6EE /* ZQWebsiteDeatilController.h */,
				226D9E32249C6DE100D6E6EE /* ZQWebsiteDeatilController.m */,
			);
			path = Detail;
			sourceTree = "<group>";
		};
		226D9E34249C6F8100D6E6EE /* Collect */ = {
			isa = PBXGroup;
			children = (
				22909C9C24E96AC400A3AC4B /* View */,
				226D9E39249C6FDB00D6E6EE /* ZQCollectController.h */,
				226D9E3A249C6FDB00D6E6EE /* ZQCollectController.m */,
				22E9817D24E013E800F30A9F /* ZQCollecViewModel.h */,
				22E9817E24E013E800F30A9F /* ZQCollecViewModel.m */,
			);
			path = Collect;
			sourceTree = "<group>";
		};
		226D9E35249C6F8A00D6E6EE /* Commend */ = {
			isa = PBXGroup;
			children = (
				22909CA124E96B7600A3AC4B /* View */,
				22909C9824E9665400A3AC4B /* Model */,
				226D9E36249C6FC900D6E6EE /* ZQCommendController.h */,
				226D9E37249C6FC900D6E6EE /* ZQCommendController.m */,
			);
			path = Commend;
			sourceTree = "<group>";
		};
		226D9E3C249CF17A00D6E6EE /* View */ = {
			isa = PBXGroup;
			children = (
				226D9E3D249CF19B00D6E6EE /* ZQWebsiteCell.h */,
				226D9E3E249CF19B00D6E6EE /* ZQWebsiteCell.m */,
			);
			path = View;
			sourceTree = "<group>";
		};
		226D9E43249D23EB00D6E6EE /* SearchResult */ = {
			isa = PBXGroup;
			children = (
				226D9E44249D241300D6E6EE /* ZQSearchResultController.h */,
				226D9E45249D241300D6E6EE /* ZQSearchResultController.m */,
			);
			path = SearchResult;
			sourceTree = "<group>";
		};
		226D9E47249D247600D6E6EE /* Request */ = {
			isa = PBXGroup;
			children = (
				226D9E48249D24A000D6E6EE /* ZQAddCommendRequest.h */,
				226D9E49249D24A000D6E6EE /* ZQAddCommendRequest.m */,
			);
			path = Request;
			sourceTree = "<group>";
		};
		22909C9824E9665400A3AC4B /* Model */ = {
			isa = PBXGroup;
			children = (
				22909C9924E9667800A3AC4B /* ZQCommendAddRequest.h */,
				22909C9A24E9667800A3AC4B /* ZQCommendAddRequest.m */,
			);
			path = Model;
			sourceTree = "<group>";
		};
		22909C9C24E96AC400A3AC4B /* View */ = {
			isa = PBXGroup;
			children = (
				22909C9D24E96AF200A3AC4B /* ZQCollectSectionView.h */,
				22909C9E24E96AF200A3AC4B /* ZQCollectSectionView.m */,
			);
			path = View;
			sourceTree = "<group>";
		};
		22909CA124E96B7600A3AC4B /* View */ = {
			isa = PBXGroup;
			children = (
				22909CA024E96B6F00A3AC4B /* ZQCommendSectionView.h */,
				22E9817B24E00F4900F30A9F /* ZQCommendSectionView.m */,
			);
			path = View;
			sourceTree = "<group>";
		};
		22909CA224E9757300A3AC4B /* Edit */ = {
			isa = PBXGroup;
			children = (
				22909CA324E975A600A3AC4B /* ZQEditSectionController.h */,
				22909CA424E975A600A3AC4B /* ZQEditSectionController.m */,
				22909CA624E975C400A3AC4B /* ZQEditWebsiteController.h */,
				22909CA724E975C400A3AC4B /* ZQEditWebsiteController.m */,
			);
			path = Edit;
			sourceTree = "<group>";
		};
		F7A67695E63AF6BAAC87F2D1 /* Pods */ = {
			isa = PBXGroup;
			children = (
				B16B7F6002491F61CC971E37 /* Pods-KeyPoint.debug.xcconfig */,
				4A88C609864F4696563E583B /* Pods-KeyPoint.release.xcconfig */,
			);
			path = Pods;
			sourceTree = "<group>";
		};
		FC0733365D2996703C1B268A /* Frameworks */ = {
			isa = PBXGroup;
			children = (
				E9AB37ED0789905BB828AAA3 /* Pods_KeyPoint.framework */,
			);
			name = Frameworks;
			sourceTree = "<group>";
		};
/* End PBXGroup section */

/* Begin PBXNativeTarget section */
		226D9DD02491060300D6E6EE /* KeyPoint */ = {
			isa = PBXNativeTarget;
			buildConfigurationList = 226D9DEA2491060500D6E6EE /* Build configuration list for PBXNativeTarget "KeyPoint" */;
			buildPhases = (
				A7822F9DE2482B5DE1AE4521 /* [CP] Check Pods Manifest.lock */,
				226D9DCD2491060300D6E6EE /* Sources */,
				226D9DCE2491060300D6E6EE /* Frameworks */,
				226D9DCF2491060300D6E6EE /* Resources */,
				7206143FDE60E2AB9E3DE180 /* [CP] Embed Pods Frameworks */,
			);
			buildRules = (
			);
			dependencies = (
			);
			name = KeyPoint;
			productName = KeyPoint;
			productReference = 226D9DD12491060300D6E6EE /* tvtvc.app */;
			productType = "com.apple.product-type.application";
		};
/* End PBXNativeTarget section */

/* Begin PBXProject section */
		226D9DC92491060300D6E6EE /* Project object */ = {
			isa = PBXProject;
			attributes = {
				LastUpgradeCheck = 1110;
				ORGANIZATIONNAME = Sam;
				TargetAttributes = {
					226D9DD02491060300D6E6EE = {
						CreatedOnToolsVersion = 11.1;
					};
				};
			};
			buildConfigurationList = 226D9DCC2491060300D6E6EE /* Build configuration list for PBXProject "KeyPoint" */;
			compatibilityVersion = "Xcode 9.3";
			developmentRegion = en;
			hasScannedForEncodings = 0;
			knownRegions = (
				en,
				Base,
			);
			mainGroup = 226D9DC82491060300D6E6EE;
			productRefGroup = 226D9DD22491060300D6E6EE /* Products */;
			projectDirPath = "";
			projectRoot = "";
			targets = (
				226D9DD02491060300D6E6EE /* KeyPoint */,
			);
		};
/* End PBXProject section */

/* Begin PBXResourcesBuildPhase section */
		226D9DCF2491060300D6E6EE /* Resources */ = {
			isa = PBXResourcesBuildPhase;
			buildActionMask = 2147483647;
			files = (
				226D9DE42491060500D6E6EE /* LaunchScreen.storyboard in Resources */,
				226D9DE12491060500D6E6EE /* Assets.xcassets in Resources */,
			);
			runOnlyForDeploymentPostprocessing = 0;
		};
/* End PBXResourcesBuildPhase section */

/* Begin PBXShellScriptBuildPhase section */
		7206143FDE60E2AB9E3DE180 /* [CP] Embed Pods Frameworks */ = {
			isa = PBXShellScriptBuildPhase;
			buildActionMask = 2147483647;
			files = (
			);
			inputFileListPaths = (
				"${PODS_ROOT}/Target Support Files/Pods-KeyPoint/Pods-KeyPoint-frameworks-${CONFIGURATION}-input-files.xcfilelist",
			);
			name = "[CP] Embed Pods Frameworks";
			outputFileListPaths = (
				"${PODS_ROOT}/Target Support Files/Pods-KeyPoint/Pods-KeyPoint-frameworks-${CONFIGURATION}-output-files.xcfilelist",
			);
			runOnlyForDeploymentPostprocessing = 0;
			shellPath = /bin/sh;
			shellScript = "\"${PODS_ROOT}/Target Support Files/Pods-KeyPoint/Pods-KeyPoint-frameworks.sh\"\n";
			showEnvVarsInLog = 0;
		};
		A7822F9DE2482B5DE1AE4521 /* [CP] Check Pods Manifest.lock */ = {
			isa = PBXShellScriptBuildPhase;
			buildActionMask = 2147483647;
			files = (
			);
			inputFileListPaths = (
			);
			inputPaths = (
				"${PODS_PODFILE_DIR_PATH}/Podfile.lock",
				"${PODS_ROOT}/Manifest.lock",
			);
			name = "[CP] Check Pods Manifest.lock";
			outputFileListPaths = (
			);
			outputPaths = (
				"$(DERIVED_FILE_DIR)/Pods-KeyPoint-checkManifestLockResult.txt",
			);
			runOnlyForDeploymentPostprocessing = 0;
			shellPath = /bin/sh;
			shellScript = "diff \"${PODS_PODFILE_DIR_PATH}/Podfile.lock\" \"${PODS_ROOT}/Manifest.lock\" > /dev/null\nif [ $? != 0 ] ; then\n    # print error to STDERR\n    echo \"error: The sandbox is not in sync with the Podfile.lock. Run 'pod install' or update your CocoaPods installation.\" >&2\n    exit 1\nfi\n# This output is used by Xcode 'outputs' to avoid re-running this script phase.\necho \"SUCCESS\" > \"${SCRIPT_OUTPUT_FILE_0}\"\n";
			showEnvVarsInLog = 0;
		};
/* End PBXShellScriptBuildPhase section */

/* Begin PBXSourcesBuildPhase section */
		226D9DCD2491060300D6E6EE /* Sources */ = {
			isa = PBXSourcesBuildPhase;
			buildActionMask = 2147483647;
			files = (
				226D9E3F249CF19B00D6E6EE /* ZQWebsiteCell.m in Sources */,
				22E9817624D6AFE900F30A9F /* ZQUserInfoRequest.m in Sources */,
				226D9E2F249C66A300D6E6EE /* ZQMainBottomToolBar.m in Sources */,
				226D9E0824910B2700D6E6EE /* ZQUserInfoItemCell.m in Sources */,
				226D9E38249C6FC900D6E6EE /* ZQCommendController.m in Sources */,
				226D9E1B249903B400D6E6EE /* ZQBaseRequest.m in Sources */,
				22909C9F24E96AF200A3AC4B /* ZQCollectSectionView.m in Sources */,
				22909C9B24E9667800A3AC4B /* ZQCommendAddRequest.m in Sources */,
				226D9E0524910ACE00D6E6EE /* ZQUserInfoAvatarCell.m in Sources */,
				226D9E2C249C634600D6E6EE /* ZQMainControllerViewModel.m in Sources */,
				226D9DF4249107A600D6E6EE /* ZQWebsiteModel.m in Sources */,
				226D9E29249B153300D6E6EE /* ZQLoginRequest.m in Sources */,
				226D9DEF249106C400D6E6EE /* ZQMainController.m in Sources */,
				226D9E0124910A5200D6E6EE /* ZQUserInfoController.m in Sources */,
				226D9DF8249108B000D6E6EE /* ZQMainSearchBar.m in Sources */,
				22E9817C24E00F4900F30A9F /* ZQCommendSectionView.m in Sources */,
				226D9DFD249109EE00D6E6EE /* ZQUserInfoModel.m in Sources */,
				226D9E15249901EB00D6E6EE /* ZQUserInfoLayoutModel.m in Sources */,
				226D9E182499024400D6E6EE /* ZQUserInfoViewModel.m in Sources */,
				226D9E0C24910DA300D6E6EE /* ZQBaseModel.m in Sources */,
				226D9E42249CF24800D6E6EE /* ZQSimpleRequest.m in Sources */,
				226D9E33249C6DE100D6E6EE /* ZQWebsiteDeatilController.m in Sources */,
				22E9817F24E013E800F30A9F /* ZQCollecViewModel.m in Sources */,
				226D9DD62491060300D6E6EE /* AppDelegate.m in Sources */,
				22909CA824E975C400A3AC4B /* ZQEditWebsiteController.m in Sources */,
				22E9817924E00CC500F30A9F /* ZQSectionWebsiteModel.m in Sources */,
				226D9E232499C63100D6E6EE /* ZQStatusDB.m in Sources */,
				22909CA524E975A600A3AC4B /* ZQEditSectionController.m in Sources */,
				226D9E4A249D24A000D6E6EE /* ZQAddCommendRequest.m in Sources */,
				226D9E1F249906ED00D6E6EE /* ZQLoginController.m in Sources */,
				226D9E26249A4FDE00D6E6EE /* ZQAuthcodeRequest.m in Sources */,
				226D9E102496221900D6E6EE /* ZQBaseController.m in Sources */,
				226D9E46249D241300D6E6EE /* ZQSearchResultController.m in Sources */,
				226D9DE72491060500D6E6EE /* main.m in Sources */,
				22E9818224E0276400F30A9F /* ZQBaseViewModel.m in Sources */,
				226D9E3B249C6FDB00D6E6EE /* ZQCollectController.m in Sources */,
			);
			runOnlyForDeploymentPostprocessing = 0;
		};
/* End PBXSourcesBuildPhase section */

/* Begin PBXVariantGroup section */
		226D9DE22491060500D6E6EE /* LaunchScreen.storyboard */ = {
			isa = PBXVariantGroup;
			children = (
				226D9DE32491060500D6E6EE /* Base */,
			);
			name = LaunchScreen.storyboard;
			sourceTree = "<group>";
		};
/* End PBXVariantGroup section */

/* Begin XCBuildConfiguration section */
		226D9DE82491060500D6E6EE /* Debug */ = {
			isa = XCBuildConfiguration;
			buildSettings = {
				ALWAYS_SEARCH_USER_PATHS = NO;
				CLANG_ANALYZER_NONNULL = YES;
				CLANG_ANALYZER_NUMBER_OBJECT_CONVERSION = YES_AGGRESSIVE;
				CLANG_CXX_LANGUAGE_STANDARD = "gnu++14";
				CLANG_CXX_LIBRARY = "libc++";
				CLANG_ENABLE_MODULES = YES;
				CLANG_ENABLE_OBJC_ARC = YES;
				CLANG_ENABLE_OBJC_WEAK = YES;
				CLANG_WARN_BLOCK_CAPTURE_AUTORELEASING = YES;
				CLANG_WARN_BOOL_CONVERSION = YES;
				CLANG_WARN_COMMA = YES;
				CLANG_WARN_CONSTANT_CONVERSION = YES;
				CLANG_WARN_DEPRECATED_OBJC_IMPLEMENTATIONS = YES;
				CLANG_WARN_DIRECT_OBJC_ISA_USAGE = YES_ERROR;
				CLANG_WARN_DOCUMENTATION_COMMENTS = YES;
				CLANG_WARN_EMPTY_BODY = YES;
				CLANG_WARN_ENUM_CONVERSION = YES;
				CLANG_WARN_INFINITE_RECURSION = YES;
				CLANG_WARN_INT_CONVERSION = YES;
				CLANG_WARN_NON_LITERAL_NULL_CONVERSION = YES;
				CLANG_WARN_OBJC_IMPLICIT_RETAIN_SELF = YES;
				CLANG_WARN_OBJC_LITERAL_CONVERSION = YES;
				CLANG_WARN_OBJC_ROOT_CLASS = YES_ERROR;
				CLANG_WARN_RANGE_LOOP_ANALYSIS = YES;
				CLANG_WARN_STRICT_PROTOTYPES = YES;
				CLANG_WARN_SUSPICIOUS_MOVE = YES;
				CLANG_WARN_UNGUARDED_AVAILABILITY = YES_AGGRESSIVE;
				CLANG_WARN_UNREACHABLE_CODE = YES;
				CLANG_WARN__DUPLICATE_METHOD_MATCH = YES;
				COPY_PHASE_STRIP = NO;
				DEBUG_INFORMATION_FORMAT = dwarf;
				ENABLE_STRICT_OBJC_MSGSEND = YES;
				ENABLE_TESTABILITY = YES;
				GCC_C_LANGUAGE_STANDARD = gnu11;
				GCC_DYNAMIC_NO_PIC = NO;
				GCC_NO_COMMON_BLOCKS = YES;
				GCC_OPTIMIZATION_LEVEL = 0;
				GCC_PREPROCESSOR_DEFINITIONS = (
					"DEBUG=1",
					"$(inherited)",
				);
				GCC_WARN_64_TO_32_BIT_CONVERSION = YES;
				GCC_WARN_ABOUT_RETURN_TYPE = YES_ERROR;
				GCC_WARN_UNDECLARED_SELECTOR = YES;
				GCC_WARN_UNINITIALIZED_AUTOS = YES_AGGRESSIVE;
				GCC_WARN_UNUSED_FUNCTION = YES;
				GCC_WARN_UNUSED_VARIABLE = YES;
				IPHONEOS_DEPLOYMENT_TARGET = 9.0;
				MTL_ENABLE_DEBUG_INFO = INCLUDE_SOURCE;
				MTL_FAST_MATH = YES;
				ONLY_ACTIVE_ARCH = YES;
				SDKROOT = iphoneos;
			};
			name = Debug;
		};
		226D9DE92491060500D6E6EE /* Release */ = {
			isa = XCBuildConfiguration;
			buildSettings = {
				ALWAYS_SEARCH_USER_PATHS = NO;
				CLANG_ANALYZER_NONNULL = YES;
				CLANG_ANALYZER_NUMBER_OBJECT_CONVERSION = YES_AGGRESSIVE;
				CLANG_CXX_LANGUAGE_STANDARD = "gnu++14";
				CLANG_CXX_LIBRARY = "libc++";
				CLANG_ENABLE_MODULES = YES;
				CLANG_ENABLE_OBJC_ARC = YES;
				CLANG_ENABLE_OBJC_WEAK = YES;
				CLANG_WARN_BLOCK_CAPTURE_AUTORELEASING = YES;
				CLANG_WARN_BOOL_CONVERSION = YES;
				CLANG_WARN_COMMA = YES;
				CLANG_WARN_CONSTANT_CONVERSION = YES;
				CLANG_WARN_DEPRECATED_OBJC_IMPLEMENTATIONS = YES;
				CLANG_WARN_DIRECT_OBJC_ISA_USAGE = YES_ERROR;
				CLANG_WARN_DOCUMENTATION_COMMENTS = YES;
				CLANG_WARN_EMPTY_BODY = YES;
				CLANG_WARN_ENUM_CONVERSION = YES;
				CLANG_WARN_INFINITE_RECURSION = YES;
				CLANG_WARN_INT_CONVERSION = YES;
				CLANG_WARN_NON_LITERAL_NULL_CONVERSION = YES;
				CLANG_WARN_OBJC_IMPLICIT_RETAIN_SELF = YES;
				CLANG_WARN_OBJC_LITERAL_CONVERSION = YES;
				CLANG_WARN_OBJC_ROOT_CLASS = YES_ERROR;
				CLANG_WARN_RANGE_LOOP_ANALYSIS = YES;
				CLANG_WARN_STRICT_PROTOTYPES = YES;
				CLANG_WARN_SUSPICIOUS_MOVE = YES;
				CLANG_WARN_UNGUARDED_AVAILABILITY = YES_AGGRESSIVE;
				CLANG_WARN_UNREACHABLE_CODE = YES;
				CLANG_WARN__DUPLICATE_METHOD_MATCH = YES;
				COPY_PHASE_STRIP = NO;
				DEBUG_INFORMATION_FORMAT = "dwarf-with-dsym";
				ENABLE_NS_ASSERTIONS = NO;
				ENABLE_STRICT_OBJC_MSGSEND = YES;
				GCC_C_LANGUAGE_STANDARD = gnu11;
				GCC_NO_COMMON_BLOCKS = YES;
				GCC_WARN_64_TO_32_BIT_CONVERSION = YES;
				GCC_WARN_ABOUT_RETURN_TYPE = YES_ERROR;
				GCC_WARN_UNDECLARED_SELECTOR = YES;
				GCC_WARN_UNINITIALIZED_AUTOS = YES_AGGRESSIVE;
				GCC_WARN_UNUSED_FUNCTION = YES;
				GCC_WARN_UNUSED_VARIABLE = YES;
				IPHONEOS_DEPLOYMENT_TARGET = 9.0;
				MTL_ENABLE_DEBUG_INFO = NO;
				MTL_FAST_MATH = YES;
				SDKROOT = iphoneos;
				VALIDATE_PRODUCT = YES;
			};
			name = Release;
		};
		226D9DEB2491060500D6E6EE /* Debug */ = {
			isa = XCBuildConfiguration;
			baseConfigurationReference = B16B7F6002491F61CC971E37 /* Pods-KeyPoint.debug.xcconfig */;
			buildSettings = {
				ASSETCATALOG_COMPILER_APPICON_NAME = AppIcon;
				CODE_SIGN_IDENTITY = "Apple Development";
				CODE_SIGN_STYLE = Automatic;
				CURRENT_PROJECT_VERSION = 7;
				DEVELOPMENT_TEAM = 9PP5R6XW8J;
				GCC_PRECOMPILE_PREFIX_HEADER = YES;
				GCC_PREFIX_HEADER = "$(SRCROOT)/KeyPoint/ZQKeyPoint.pch";
				INFOPLIST_FILE = KeyPoint/Info.plist;
				LD_RUNPATH_SEARCH_PATHS = (
					"$(inherited)",
					"@executable_path/Frameworks",
				);
				MARKETING_VERSION = 1.0.2;
				PRODUCT_BUNDLE_IDENTIFIER = com.zhangqianit.KeyPoint;
				PRODUCT_NAME = tvtvc;
				PROVISIONING_PROFILE_SPECIFIER = "";
				TARGETED_DEVICE_FAMILY = 1;
			};
			name = Debug;
		};
		226D9DEC2491060500D6E6EE /* Release */ = {
			isa = XCBuildConfiguration;
			baseConfigurationReference = 4A88C609864F4696563E583B /* Pods-KeyPoint.release.xcconfig */;
			buildSettings = {
				ASSETCATALOG_COMPILER_APPICON_NAME = AppIcon;
				CODE_SIGN_IDENTITY = "Apple Development";
				CODE_SIGN_STYLE = Automatic;
				CURRENT_PROJECT_VERSION = 7;
				DEVELOPMENT_TEAM = 9PP5R6XW8J;
				GCC_PRECOMPILE_PREFIX_HEADER = YES;
				GCC_PREFIX_HEADER = "$(SRCROOT)/KeyPoint/ZQKeyPoint.pch";
				INFOPLIST_FILE = KeyPoint/Info.plist;
				LD_RUNPATH_SEARCH_PATHS = (
					"$(inherited)",
					"@executable_path/Frameworks",
				);
				MARKETING_VERSION = 1.0.2;
				PRODUCT_BUNDLE_IDENTIFIER = com.zhangqianit.KeyPoint;
				PRODUCT_NAME = tvtvc;
				PROVISIONING_PROFILE_SPECIFIER = "";
				TARGETED_DEVICE_FAMILY = 1;
			};
			name = Release;
		};
/* End XCBuildConfiguration section */

/* Begin XCConfigurationList section */
		226D9DCC2491060300D6E6EE /* Build configuration list for PBXProject "KeyPoint" */ = {
			isa = XCConfigurationList;
			buildConfigurations = (
				226D9DE82491060500D6E6EE /* Debug */,
				226D9DE92491060500D6E6EE /* Release */,
			);
			defaultConfigurationIsVisible = 0;
			defaultConfigurationName = Release;
		};
		226D9DEA2491060500D6E6EE /* Build configuration list for PBXNativeTarget "KeyPoint" */ = {
			isa = XCConfigurationList;
			buildConfigurations = (
				226D9DEB2491060500D6E6EE /* Debug */,
				226D9DEC2491060500D6E6EE /* Release */,
			);
			defaultConfigurationIsVisible = 0;
			defaultConfigurationName = Release;
		};
/* End XCConfigurationList section */
	};
	rootObject = 226D9DC92491060300D6E6EE /* Project object */;
}
